// !$*UTF8*$!
{
	archiveVersion = 1;
	classes = {
	};
	objectVersion = 46;
	objects = {

/* Begin PBXBuildFile section */
		08F31C4673B54AB0ABA4F6EE /* libPods.a in Frameworks */ = {isa = PBXBuildFile; fileRef = F6C35645D3B44615AFD3D970 /* libPods.a */; };
		BA13995C18C0E0030064EF95 /* EventosViewController.m in Sources */ = {isa = PBXBuildFile; fileRef = BA13995B18C0E0030064EF95 /* EventosViewController.m */; };
		BA15ECB518BD79EE00866908 /* PrincipalView.m in Sources */ = {isa = PBXBuildFile; fileRef = BA15ECB418BD79EE00866908 /* PrincipalView.m */; };
		BA7F31ED188C6A7800E0CC1E /* LightItemViewController.m in Sources */ = {isa = PBXBuildFile; fileRef = BA7F31EC188C6A7800E0CC1E /* LightItemViewController.m */; };
		BA7F31F3188C775C00E0CC1E /* BombillaLuz.gif in Resources */ = {isa = PBXBuildFile; fileRef = BA7F31F2188C775C00E0CC1E /* BombillaLuz.gif */; };
		BA7F31F5188C782000E0CC1E /* Background.png in Resources */ = {isa = PBXBuildFile; fileRef = BA7F31F4188C782000E0CC1E /* Background.png */; };
		BA7F31F9188CA1E800E0CC1E /* ProfileViewController.m in Sources */ = {isa = PBXBuildFile; fileRef = BA7F31F8188CA1E800E0CC1E /* ProfileViewController.m */; };
		BA891396183D6F3100F97172 /* Foundation.framework in Frameworks */ = {isa = PBXBuildFile; fileRef = BA891395183D6F3100F97172 /* Foundation.framework */; };
		BA891398183D6F3100F97172 /* CoreGraphics.framework in Frameworks */ = {isa = PBXBuildFile; fileRef = BA891397183D6F3100F97172 /* CoreGraphics.framework */; };
		BA89139A183D6F3100F97172 /* UIKit.framework in Frameworks */ = {isa = PBXBuildFile; fileRef = BA891399183D6F3100F97172 /* UIKit.framework */; };
		BA8913A0183D6F3100F97172 /* InfoPlist.strings in Resources */ = {isa = PBXBuildFile; fileRef = BA89139E183D6F3100F97172 /* InfoPlist.strings */; };
		BA8913A2183D6F3100F97172 /* main.m in Sources */ = {isa = PBXBuildFile; fileRef = BA8913A1183D6F3100F97172 /* main.m */; };
		BA8913A6183D6F3100F97172 /* AppDelegate.m in Sources */ = {isa = PBXBuildFile; fileRef = BA8913A5183D6F3100F97172 /* AppDelegate.m */; };
		BA8913A9183D6F3100F97172 /* Main_iPhone.storyboard in Resources */ = {isa = PBXBuildFile; fileRef = BA8913A7183D6F3100F97172 /* Main_iPhone.storyboard */; };
		BA8913AC183D6F3100F97172 /* Main_iPad.storyboard in Resources */ = {isa = PBXBuildFile; fileRef = BA8913AA183D6F3100F97172 /* Main_iPad.storyboard */; };
		BA8913B1183D6F3100F97172 /* Images.xcassets in Resources */ = {isa = PBXBuildFile; fileRef = BA8913B0183D6F3100F97172 /* Images.xcassets */; };
		BA8913B8183D6F3100F97172 /* XCTest.framework in Frameworks */ = {isa = PBXBuildFile; fileRef = BA8913B7183D6F3100F97172 /* XCTest.framework */; };
		BA8913B9183D6F3100F97172 /* Foundation.framework in Frameworks */ = {isa = PBXBuildFile; fileRef = BA891395183D6F3100F97172 /* Foundation.framework */; };
		BA8913BA183D6F3100F97172 /* UIKit.framework in Frameworks */ = {isa = PBXBuildFile; fileRef = BA891399183D6F3100F97172 /* UIKit.framework */; };
		BA8913C2183D6F3100F97172 /* InfoPlist.strings in Resources */ = {isa = PBXBuildFile; fileRef = BA8913C0183D6F3100F97172 /* InfoPlist.strings */; };
		BA8913C4183D6F3100F97172 /* ehcTests.m in Sources */ = {isa = PBXBuildFile; fileRef = BA8913C3183D6F3100F97172 /* ehcTests.m */; };
		BAA9A79C185E4D8600DB748B /* Ajustes@2x.png in Resources */ = {isa = PBXBuildFile; fileRef = BAA9A788185E4D8600DB748B /* Ajustes@2x.png */; };
		BAA9A79D185E4D8600DB748B /* Apagar@2x.png in Resources */ = {isa = PBXBuildFile; fileRef = BAA9A789185E4D8600DB748B /* Apagar@2x.png */; };
		BAA9A79E185E4D8600DB748B /* cero@2x.png in Resources */ = {isa = PBXBuildFile; fileRef = BAA9A78A185E4D8600DB748B /* cero@2x.png */; };
		BAA9A79F185E4D8600DB748B /* cinco@2x.png in Resources */ = {isa = PBXBuildFile; fileRef = BAA9A78B185E4D8600DB748B /* cinco@2x.png */; };
		BAA9A7A0185E4D8600DB748B /* cuatro@2x.png in Resources */ = {isa = PBXBuildFile; fileRef = BAA9A78C185E4D8600DB748B /* cuatro@2x.png */; };
		BAA9A7A1185E4D8600DB748B /* dos@2x.png in Resources */ = {isa = PBXBuildFile; fileRef = BAA9A78D185E4D8600DB748B /* dos@2x.png */; };
		BAA9A7A2185E4D8600DB748B /* Estrella@2x.png in Resources */ = {isa = PBXBuildFile; fileRef = BAA9A78E185E4D8600DB748B /* Estrella@2x.png */; };
		BAA9A7A3185E4D8600DB748B /* flechaAbajo@2x.png in Resources */ = {isa = PBXBuildFile; fileRef = BAA9A78F185E4D8600DB748B /* flechaAbajo@2x.png */; };
		BAA9A7A4185E4D8600DB748B /* flechaArriba@2x.png in Resources */ = {isa = PBXBuildFile; fileRef = BAA9A790185E4D8600DB748B /* flechaArriba@2x.png */; };
		BAA9A7A5185E4D8600DB748B /* flechaDerecha@2x.png in Resources */ = {isa = PBXBuildFile; fileRef = BAA9A791185E4D8600DB748B /* flechaDerecha@2x.png */; };
		BAA9A7A6185E4D8600DB748B /* flechaIzquierda@2x.png in Resources */ = {isa = PBXBuildFile; fileRef = BAA9A792185E4D8600DB748B /* flechaIzquierda@2x.png */; };
		BAA9A7A7185E4D8600DB748B /* fondoMando.png in Resources */ = {isa = PBXBuildFile; fileRef = BAA9A793185E4D8600DB748B /* fondoMando.png */; };
		BAA9A7A8185E4D8600DB748B /* Mute@2x.png in Resources */ = {isa = PBXBuildFile; fileRef = BAA9A794185E4D8600DB748B /* Mute@2x.png */; };
		BAA9A7A9185E4D8600DB748B /* nueve@2x.png in Resources */ = {isa = PBXBuildFile; fileRef = BAA9A795185E4D8600DB748B /* nueve@2x.png */; };
		BAA9A7AA185E4D8600DB748B /* ocho@2x.png in Resources */ = {isa = PBXBuildFile; fileRef = BAA9A796185E4D8600DB748B /* ocho@2x.png */; };
		BAA9A7AB185E4D8600DB748B /* play@2x.png in Resources */ = {isa = PBXBuildFile; fileRef = BAA9A797185E4D8600DB748B /* play@2x.png */; };
		BAA9A7AC185E4D8600DB748B /* seis@2x.png in Resources */ = {isa = PBXBuildFile; fileRef = BAA9A798185E4D8600DB748B /* seis@2x.png */; };
		BAA9A7AD185E4D8600DB748B /* siete@2x.png in Resources */ = {isa = PBXBuildFile; fileRef = BAA9A799185E4D8600DB748B /* siete@2x.png */; };
		BAA9A7AE185E4D8600DB748B /* tres@2x.png in Resources */ = {isa = PBXBuildFile; fileRef = BAA9A79A185E4D8600DB748B /* tres@2x.png */; };
		BAA9A7AF185E4D8600DB748B /* uno@2x.png in Resources */ = {isa = PBXBuildFile; fileRef = BAA9A79B185E4D8600DB748B /* uno@2x.png */; };
		BAA9A7B5185E7C2900DB748B /* config.json in Resources */ = {isa = PBXBuildFile; fileRef = BAA9A7B4185E7C2900DB748B /* config.json */; };
		BAA9E9CE1846D24100E55969 /* InitialView.m in Sources */ = {isa = PBXBuildFile; fileRef = BAA9E9C41846D24100E55969 /* InitialView.m */; };
		BAA9E9CF1846D24100E55969 /* InitViewController.m in Sources */ = {isa = PBXBuildFile; fileRef = BAA9E9C61846D24100E55969 /* InitViewController.m */; };
		BAA9E9D01846D24100E55969 /* MenuViewController.m in Sources */ = {isa = PBXBuildFile; fileRef = BAA9E9C81846D24100E55969 /* MenuViewController.m */; };
		BAA9E9D11846D24100E55969 /* MyNavigationController.m in Sources */ = {isa = PBXBuildFile; fileRef = BAA9E9CA1846D24100E55969 /* MyNavigationController.m */; };
		BAA9E9D21846D24100E55969 /* LoginScreen.m in Sources */ = {isa = PBXBuildFile; fileRef = BAA9E9CD1846D24100E55969 /* LoginScreen.m */; };
		BAA9E9D61846D4FA00E55969 /* API.m in Sources */ = {isa = PBXBuildFile; fileRef = BAA9E9D51846D4FA00E55969 /* API.m */; };
		BAA9E9DD1846DA4100E55969 /* MenuCell.m in Sources */ = {isa = PBXBuildFile; fileRef = BAA9E9DA1846DA4100E55969 /* MenuCell.m */; };
		BAA9E9DE1846DA4100E55969 /* MenuHeaderCell.m in Sources */ = {isa = PBXBuildFile; fileRef = BAA9E9DC1846DA4100E55969 /* MenuHeaderCell.m */; };
		BAA9E9E01846DA7D00E55969 /* celdaMenuiPh.png in Resources */ = {isa = PBXBuildFile; fileRef = BAA9E9DF1846DA7D00E55969 /* celdaMenuiPh.png */; };
		BAA9E9E31846DBF300E55969 /* UIAlertView+error.m in Sources */ = {isa = PBXBuildFile; fileRef = BAA9E9E21846DBF300E55969 /* UIAlertView+error.m */; };
		BAA9EFBD185934A8006FD3F8 /* ItemsCell.m in Sources */ = {isa = PBXBuildFile; fileRef = BAA9EFB9185934A8006FD3F8 /* ItemsCell.m */; };
		BAA9EFBE185934A8006FD3F8 /* ItemsCell.xib in Resources */ = {isa = PBXBuildFile; fileRef = BAA9EFBA185934A8006FD3F8 /* ItemsCell.xib */; };
		BAA9EFBF185934A8006FD3F8 /* RoomsViewController.m in Sources */ = {isa = PBXBuildFile; fileRef = BAA9EFBC185934A8006FD3F8 /* RoomsViewController.m */; };
		BAA9EFC6185934D2006FD3F8 /* RoomsCell.m in Sources */ = {isa = PBXBuildFile; fileRef = BAA9EFC2185934D2006FD3F8 /* RoomsCell.m */; };
		BAA9EFC7185934D2006FD3F8 /* RoomsCell.xib in Resources */ = {isa = PBXBuildFile; fileRef = BAA9EFC3185934D2006FD3F8 /* RoomsCell.xib */; };
		BAA9EFC8185934D2006FD3F8 /* SetRoomsViewController.m in Sources */ = {isa = PBXBuildFile; fileRef = BAA9EFC5185934D2006FD3F8 /* SetRoomsViewController.m */; };
		BAA9EFD71859398F006FD3F8 /* TvItemViewController.m in Sources */ = {isa = PBXBuildFile; fileRef = BAA9EFD61859398F006FD3F8 /* TvItemViewController.m */; };
		BAAECBB1185FE37100A0D463 /* Aire.png in Resources */ = {isa = PBXBuildFile; fileRef = BAAECBAA185FE37100A0D463 /* Aire.png */; };
		BAAECBB2185FE37100A0D463 /* DVD.png in Resources */ = {isa = PBXBuildFile; fileRef = BAAECBAB185FE37100A0D463 /* DVD.png */; };
		BAAECBB3185FE37100A0D463 /* Microhondas.png in Resources */ = {isa = PBXBuildFile; fileRef = BAAECBAC185FE37100A0D463 /* Microhondas.png */; };
		BAAECBB4185FE37100A0D463 /* Minicadena.png in Resources */ = {isa = PBXBuildFile; fileRef = BAAECBAD185FE37100A0D463 /* Minicadena.png */; };
		BAAECBB5185FE37100A0D463 /* Pantalla.png in Resources */ = {isa = PBXBuildFile; fileRef = BAAECBAE185FE37100A0D463 /* Pantalla.png */; };
		BAAECBB6185FE37100A0D463 /* Proyector.png in Resources */ = {isa = PBXBuildFile; fileRef = BAAECBAF185FE37100A0D463 /* Proyector.png */; };
		BAAECBB7185FE37100A0D463 /* Tele.png in Resources */ = {isa = PBXBuildFile; fileRef = BAAECBB0185FE37100A0D463 /* Tele.png */; };
		BAAECBB9185FEAEA00A0D463 /* Bombilla.png in Resources */ = {isa = PBXBuildFile; fileRef = BAAECBB8185FEAEA00A0D463 /* Bombilla.png */; };
		BAB0C1E01846C91D00B48692 /* LogoEHC.png in Resources */ = {isa = PBXBuildFile; fileRef = BAB0C1DF1846C91D00B48692 /* LogoEHC.png */; };
		BAC408031857D8FD00AB189B /* SGAnnotatedPagerController.xib in Resources */ = {isa = PBXBuildFile; fileRef = BAC408021857D8FD00AB189B /* SGAnnotatedPagerController.xib */; };
		BAD46B351856AF76006F0930 /* FristViewController.m in Sources */ = {isa = PBXBuildFile; fileRef = BAD46B341856AF75006F0930 /* FristViewController.m */; };
		BAD46B381856B4C5006F0930 /* logLogin.png in Resources */ = {isa = PBXBuildFile; fileRef = BAD46B371856B4C5006F0930 /* logLogin.png */; };
		BAD46B3E1856B767006F0930 /* SGAnnotatedPagerController.m in Sources */ = {isa = PBXBuildFile; fileRef = BAD46B3B1856B767006F0930 /* SGAnnotatedPagerController.m */; };
		BAD46B3F1856B767006F0930 /* SGViewPagerController.m in Sources */ = {isa = PBXBuildFile; fileRef = BAD46B3D1856B767006F0930 /* SGViewPagerController.m */; };
		BAE500E218BE429C0069C3ED /* ActivityView.xib in Resources */ = {isa = PBXBuildFile; fileRef = BAE500C218BE429C0069C3ED /* ActivityView.xib */; };
		BAE500E318BE429C0069C3ED /* MyActivityIndicator.m in Sources */ = {isa = PBXBuildFile; fileRef = BAE500C418BE429C0069C3ED /* MyActivityIndicator.m */; };
		BAE500E418BE429C0069C3ED /* MDBrowser.m in Sources */ = {isa = PBXBuildFile; fileRef = BAE500C718BE429C0069C3ED /* MDBrowser.m */; };
		BAE500E518BE429C0069C3ED /* MDBrowserAnimatorFactory.m in Sources */ = {isa = PBXBuildFile; fileRef = BAE500CB18BE429C0069C3ED /* MDBrowserAnimatorFactory.m */; };
		BAE500E618BE429C0069C3ED /* PopUpBrowserAnimator.m in Sources */ = {isa = PBXBuildFile; fileRef = BAE500D018BE429C0069C3ED /* PopUpBrowserAnimator.m */; };
		BAE500E718BE429C0069C3ED /* SlideFromBottomBrowserAnimator.m in Sources */ = {isa = PBXBuildFile; fileRef = BAE500D318BE429C0069C3ED /* SlideFromBottomBrowserAnimator.m */; };
		BAE500E818BE429C0069C3ED /* MJPopupBackgroundView.m in Sources */ = {isa = PBXBuildFile; fileRef = BAE500D618BE429C0069C3ED /* MJPopupBackgroundView.m */; };
		BAE500E918BE429C0069C3ED /* back.png in Resources */ = {isa = PBXBuildFile; fileRef = BAE500D818BE429C0069C3ED /* back.png */; };
		BAE500EA18BE429C0069C3ED /* back@2x.png in Resources */ = {isa = PBXBuildFile; fileRef = BAE500D918BE429C0069C3ED /* back@2x.png */; };
		BAE500EB18BE429C0069C3ED /* back_active.png in Resources */ = {isa = PBXBuildFile; fileRef = BAE500DA18BE429C0069C3ED /* back_active.png */; };
		BAE500EC18BE429C0069C3ED /* back_active@2x.png in Resources */ = {isa = PBXBuildFile; fileRef = BAE500DB18BE429C0069C3ED /* back_active@2x.png */; };
		BAE500ED18BE429C0069C3ED /* close.png in Resources */ = {isa = PBXBuildFile; fileRef = BAE500DC18BE429C0069C3ED /* close.png */; };
		BAE500EE18BE429C0069C3ED /* close@2x.png in Resources */ = {isa = PBXBuildFile; fileRef = BAE500DD18BE429C0069C3ED /* close@2x.png */; };
		BAE500EF18BE429C0069C3ED /* next.png in Resources */ = {isa = PBXBuildFile; fileRef = BAE500DE18BE429C0069C3ED /* next.png */; };
		BAE500F018BE429C0069C3ED /* next@2x.png in Resources */ = {isa = PBXBuildFile; fileRef = BAE500DF18BE429C0069C3ED /* next@2x.png */; };
		BAE500F118BE429C0069C3ED /* next_active.png in Resources */ = {isa = PBXBuildFile; fileRef = BAE500E018BE429C0069C3ED /* next_active.png */; };
		BAE500F218BE429C0069C3ED /* next_active@2x.png in Resources */ = {isa = PBXBuildFile; fileRef = BAE500E118BE429C0069C3ED /* next_active@2x.png */; };
/* End PBXBuildFile section */

/* Begin PBXContainerItemProxy section */
		BA8913BB183D6F3100F97172 /* PBXContainerItemProxy */ = {
			isa = PBXContainerItemProxy;
			containerPortal = BA89138A183D6F3100F97172 /* Project object */;
			proxyType = 1;
			remoteGlobalIDString = BA891391183D6F3100F97172;
			remoteInfo = ehc;
		};
/* End PBXContainerItemProxy section */

/* Begin PBXFileReference section */
		BA13995A18C0E0030064EF95 /* EventosViewController.h */ = {isa = PBXFileReference; fileEncoding = 4; lastKnownFileType = sourcecode.c.h; path = EventosViewController.h; sourceTree = "<group>"; };
		BA13995B18C0E0030064EF95 /* EventosViewController.m */ = {isa = PBXFileReference; fileEncoding = 4; lastKnownFileType = sourcecode.c.objc; path = EventosViewController.m; sourceTree = "<group>"; };
		BA15ECB318BD79EE00866908 /* PrincipalView.h */ = {isa = PBXFileReference; fileEncoding = 4; lastKnownFileType = sourcecode.c.h; path = PrincipalView.h; sourceTree = "<group>"; };
		BA15ECB418BD79EE00866908 /* PrincipalView.m */ = {isa = PBXFileReference; fileEncoding = 4; lastKnownFileType = sourcecode.c.objc; path = PrincipalView.m; sourceTree = "<group>"; };
		BA7F31EB188C6A7800E0CC1E /* LightItemViewController.h */ = {isa = PBXFileReference; fileEncoding = 4; lastKnownFileType = sourcecode.c.h; path = LightItemViewController.h; sourceTree = "<group>"; };
		BA7F31EC188C6A7800E0CC1E /* LightItemViewController.m */ = {isa = PBXFileReference; fileEncoding = 4; lastKnownFileType = sourcecode.c.objc; path = LightItemViewController.m; sourceTree = "<group>"; };
		BA7F31F2188C775C00E0CC1E /* BombillaLuz.gif */ = {isa = PBXFileReference; lastKnownFileType = image.gif; path = BombillaLuz.gif; sourceTree = "<group>"; };
		BA7F31F4188C782000E0CC1E /* Background.png */ = {isa = PBXFileReference; lastKnownFileType = image.png; name = Background.png; path = ehc/Images/Background.png; sourceTree = SOURCE_ROOT; };
		BA7F31F7188CA1E800E0CC1E /* ProfileViewController.h */ = {isa = PBXFileReference; fileEncoding = 4; lastKnownFileType = sourcecode.c.h; path = ProfileViewController.h; sourceTree = "<group>"; };
		BA7F31F8188CA1E800E0CC1E /* ProfileViewController.m */ = {isa = PBXFileReference; fileEncoding = 4; lastKnownFileType = sourcecode.c.objc; path = ProfileViewController.m; sourceTree = "<group>"; };
		BA891392183D6F3100F97172 /* ehc.app */ = {isa = PBXFileReference; explicitFileType = wrapper.application; includeInIndex = 0; path = ehc.app; sourceTree = BUILT_PRODUCTS_DIR; };
		BA891395183D6F3100F97172 /* Foundation.framework */ = {isa = PBXFileReference; lastKnownFileType = wrapper.framework; name = Foundation.framework; path = System/Library/Frameworks/Foundation.framework; sourceTree = SDKROOT; };
		BA891397183D6F3100F97172 /* CoreGraphics.framework */ = {isa = PBXFileReference; lastKnownFileType = wrapper.framework; name = CoreGraphics.framework; path = System/Library/Frameworks/CoreGraphics.framework; sourceTree = SDKROOT; };
		BA891399183D6F3100F97172 /* UIKit.framework */ = {isa = PBXFileReference; lastKnownFileType = wrapper.framework; name = UIKit.framework; path = System/Library/Frameworks/UIKit.framework; sourceTree = SDKROOT; };
		BA89139D183D6F3100F97172 /* ehc-Info.plist */ = {isa = PBXFileReference; lastKnownFileType = text.plist.xml; path = "ehc-Info.plist"; sourceTree = "<group>"; };
		BA89139F183D6F3100F97172 /* en */ = {isa = PBXFileReference; lastKnownFileType = text.plist.strings; name = en; path = en.lproj/InfoPlist.strings; sourceTree = "<group>"; };
		BA8913A1183D6F3100F97172 /* main.m */ = {isa = PBXFileReference; lastKnownFileType = sourcecode.c.objc; path = main.m; sourceTree = "<group>"; };
		BA8913A3183D6F3100F97172 /* ehc-Prefix.pch */ = {isa = PBXFileReference; lastKnownFileType = sourcecode.c.h; path = "ehc-Prefix.pch"; sourceTree = "<group>"; };
		BA8913A4183D6F3100F97172 /* AppDelegate.h */ = {isa = PBXFileReference; lastKnownFileType = sourcecode.c.h; path = AppDelegate.h; sourceTree = "<group>"; };
		BA8913A5183D6F3100F97172 /* AppDelegate.m */ = {isa = PBXFileReference; lastKnownFileType = sourcecode.c.objc; path = AppDelegate.m; sourceTree = "<group>"; };
		BA8913A8183D6F3100F97172 /* Base */ = {isa = PBXFileReference; lastKnownFileType = file.storyboard; name = Base; path = Base.lproj/Main_iPhone.storyboard; sourceTree = "<group>"; };
		BA8913AB183D6F3100F97172 /* Base */ = {isa = PBXFileReference; lastKnownFileType = file.storyboard; name = Base; path = Base.lproj/Main_iPad.storyboard; sourceTree = "<group>"; };
		BA8913B0183D6F3100F97172 /* Images.xcassets */ = {isa = PBXFileReference; lastKnownFileType = folder.assetcatalog; path = Images.xcassets; sourceTree = "<group>"; };
		BA8913B6183D6F3100F97172 /* ehcTests.xctest */ = {isa = PBXFileReference; explicitFileType = wrapper.cfbundle; includeInIndex = 0; path = ehcTests.xctest; sourceTree = BUILT_PRODUCTS_DIR; };
		BA8913B7183D6F3100F97172 /* XCTest.framework */ = {isa = PBXFileReference; lastKnownFileType = wrapper.framework; name = XCTest.framework; path = Library/Frameworks/XCTest.framework; sourceTree = DEVELOPER_DIR; };
		BA8913BF183D6F3100F97172 /* ehcTests-Info.plist */ = {isa = PBXFileReference; lastKnownFileType = text.plist.xml; path = "ehcTests-Info.plist"; sourceTree = "<group>"; };
		BA8913C1183D6F3100F97172 /* en */ = {isa = PBXFileReference; lastKnownFileType = text.plist.strings; name = en; path = en.lproj/InfoPlist.strings; sourceTree = "<group>"; };
		BA8913C3183D6F3100F97172 /* ehcTests.m */ = {isa = PBXFileReference; lastKnownFileType = sourcecode.c.objc; path = ehcTests.m; sourceTree = "<group>"; };
		BAA9A788185E4D8600DB748B /* Ajustes@2x.png */ = {isa = PBXFileReference; lastKnownFileType = image.png; path = "Ajustes@2x.png"; sourceTree = "<group>"; };
		BAA9A789185E4D8600DB748B /* Apagar@2x.png */ = {isa = PBXFileReference; lastKnownFileType = image.png; path = "Apagar@2x.png"; sourceTree = "<group>"; };
		BAA9A78A185E4D8600DB748B /* cero@2x.png */ = {isa = PBXFileReference; lastKnownFileType = image.png; path = "cero@2x.png"; sourceTree = "<group>"; };
		BAA9A78B185E4D8600DB748B /* cinco@2x.png */ = {isa = PBXFileReference; lastKnownFileType = image.png; path = "cinco@2x.png"; sourceTree = "<group>"; };
		BAA9A78C185E4D8600DB748B /* cuatro@2x.png */ = {isa = PBXFileReference; lastKnownFileType = image.png; path = "cuatro@2x.png"; sourceTree = "<group>"; };
		BAA9A78D185E4D8600DB748B /* dos@2x.png */ = {isa = PBXFileReference; lastKnownFileType = image.png; path = "dos@2x.png"; sourceTree = "<group>"; };
		BAA9A78E185E4D8600DB748B /* Estrella@2x.png */ = {isa = PBXFileReference; lastKnownFileType = image.png; path = "Estrella@2x.png"; sourceTree = "<group>"; };
		BAA9A78F185E4D8600DB748B /* flechaAbajo@2x.png */ = {isa = PBXFileReference; lastKnownFileType = image.png; path = "flechaAbajo@2x.png"; sourceTree = "<group>"; };
		BAA9A790185E4D8600DB748B /* flechaArriba@2x.png */ = {isa = PBXFileReference; lastKnownFileType = image.png; path = "flechaArriba@2x.png"; sourceTree = "<group>"; };
		BAA9A791185E4D8600DB748B /* flechaDerecha@2x.png */ = {isa = PBXFileReference; lastKnownFileType = image.png; path = "flechaDerecha@2x.png"; sourceTree = "<group>"; };
		BAA9A792185E4D8600DB748B /* flechaIzquierda@2x.png */ = {isa = PBXFileReference; lastKnownFileType = image.png; path = "flechaIzquierda@2x.png"; sourceTree = "<group>"; };
		BAA9A793185E4D8600DB748B /* fondoMando.png */ = {isa = PBXFileReference; lastKnownFileType = image.png; path = fondoMando.png; sourceTree = "<group>"; };
		BAA9A794185E4D8600DB748B /* Mute@2x.png */ = {isa = PBXFileReference; lastKnownFileType = image.png; path = "Mute@2x.png"; sourceTree = "<group>"; };
		BAA9A795185E4D8600DB748B /* nueve@2x.png */ = {isa = PBXFileReference; lastKnownFileType = image.png; path = "nueve@2x.png"; sourceTree = "<group>"; };
		BAA9A796185E4D8600DB748B /* ocho@2x.png */ = {isa = PBXFileReference; lastKnownFileType = image.png; path = "ocho@2x.png"; sourceTree = "<group>"; };
		BAA9A797185E4D8600DB748B /* play@2x.png */ = {isa = PBXFileReference; lastKnownFileType = image.png; path = "play@2x.png"; sourceTree = "<group>"; };
		BAA9A798185E4D8600DB748B /* seis@2x.png */ = {isa = PBXFileReference; lastKnownFileType = image.png; path = "seis@2x.png"; sourceTree = "<group>"; };
		BAA9A799185E4D8600DB748B /* siete@2x.png */ = {isa = PBXFileReference; lastKnownFileType = image.png; path = "siete@2x.png"; sourceTree = "<group>"; };
		BAA9A79A185E4D8600DB748B /* tres@2x.png */ = {isa = PBXFileReference; lastKnownFileType = image.png; path = "tres@2x.png"; sourceTree = "<group>"; };
		BAA9A79B185E4D8600DB748B /* uno@2x.png */ = {isa = PBXFileReference; lastKnownFileType = image.png; path = "uno@2x.png"; sourceTree = "<group>"; };
		BAA9A7B4185E7C2900DB748B /* config.json */ = {isa = PBXFileReference; fileEncoding = 4; lastKnownFileType = text.json; path = config.json; sourceTree = "<group>"; };
		BAA9E9C31846D24100E55969 /* InitialView.h */ = {isa = PBXFileReference; fileEncoding = 4; lastKnownFileType = sourcecode.c.h; path = InitialView.h; sourceTree = "<group>"; };
		BAA9E9C41846D24100E55969 /* InitialView.m */ = {isa = PBXFileReference; fileEncoding = 4; lastKnownFileType = sourcecode.c.objc; path = InitialView.m; sourceTree = "<group>"; };
		BAA9E9C51846D24100E55969 /* InitViewController.h */ = {isa = PBXFileReference; fileEncoding = 4; lastKnownFileType = sourcecode.c.h; path = InitViewController.h; sourceTree = "<group>"; };
		BAA9E9C61846D24100E55969 /* InitViewController.m */ = {isa = PBXFileReference; fileEncoding = 4; lastKnownFileType = sourcecode.c.objc; path = InitViewController.m; sourceTree = "<group>"; };
		BAA9E9C71846D24100E55969 /* MenuViewController.h */ = {isa = PBXFileReference; fileEncoding = 4; lastKnownFileType = sourcecode.c.h; name = MenuViewController.h; path = ../Config/MenuViewController.h; sourceTree = "<group>"; };
		BAA9E9C81846D24100E55969 /* MenuViewController.m */ = {isa = PBXFileReference; fileEncoding = 4; lastKnownFileType = sourcecode.c.objc; name = MenuViewController.m; path = ../Config/MenuViewController.m; sourceTree = "<group>"; };
		BAA9E9C91846D24100E55969 /* MyNavigationController.h */ = {isa = PBXFileReference; fileEncoding = 4; lastKnownFileType = sourcecode.c.h; path = MyNavigationController.h; sourceTree = "<group>"; };
		BAA9E9CA1846D24100E55969 /* MyNavigationController.m */ = {isa = PBXFileReference; fileEncoding = 4; lastKnownFileType = sourcecode.c.objc; path = MyNavigationController.m; sourceTree = "<group>"; };
		BAA9E9CC1846D24100E55969 /* LoginScreen.h */ = {isa = PBXFileReference; fileEncoding = 4; lastKnownFileType = sourcecode.c.h; path = LoginScreen.h; sourceTree = "<group>"; };
		BAA9E9CD1846D24100E55969 /* LoginScreen.m */ = {isa = PBXFileReference; fileEncoding = 4; lastKnownFileType = sourcecode.c.objc; path = LoginScreen.m; sourceTree = "<group>"; };
		BAA9E9D41846D4FA00E55969 /* API.h */ = {isa = PBXFileReference; fileEncoding = 4; lastKnownFileType = sourcecode.c.h; path = API.h; sourceTree = "<group>"; };
		BAA9E9D51846D4FA00E55969 /* API.m */ = {isa = PBXFileReference; fileEncoding = 4; lastKnownFileType = sourcecode.c.objc; path = API.m; sourceTree = "<group>"; };
		BAA9E9D71846D58E00E55969 /* defs.h */ = {isa = PBXFileReference; fileEncoding = 4; lastKnownFileType = sourcecode.c.h; path = defs.h; sourceTree = "<group>"; };
		BAA9E9D91846DA4100E55969 /* MenuCell.h */ = {isa = PBXFileReference; fileEncoding = 4; lastKnownFileType = sourcecode.c.h; path = MenuCell.h; sourceTree = "<group>"; };
		BAA9E9DA1846DA4100E55969 /* MenuCell.m */ = {isa = PBXFileReference; fileEncoding = 4; lastKnownFileType = sourcecode.c.objc; path = MenuCell.m; sourceTree = "<group>"; };
		BAA9E9DB1846DA4100E55969 /* MenuHeaderCell.h */ = {isa = PBXFileReference; fileEncoding = 4; lastKnownFileType = sourcecode.c.h; path = MenuHeaderCell.h; sourceTree = "<group>"; };
		BAA9E9DC1846DA4100E55969 /* MenuHeaderCell.m */ = {isa = PBXFileReference; fileEncoding = 4; lastKnownFileType = sourcecode.c.objc; path = MenuHeaderCell.m; sourceTree = "<group>"; };
		BAA9E9DF1846DA7D00E55969 /* celdaMenuiPh.png */ = {isa = PBXFileReference; lastKnownFileType = image.png; path = celdaMenuiPh.png; sourceTree = "<group>"; };
		BAA9E9E11846DBF300E55969 /* UIAlertView+error.h */ = {isa = PBXFileReference; fileEncoding = 4; lastKnownFileType = sourcecode.c.h; path = "UIAlertView+error.h"; sourceTree = "<group>"; };
		BAA9E9E21846DBF300E55969 /* UIAlertView+error.m */ = {isa = PBXFileReference; fileEncoding = 4; lastKnownFileType = sourcecode.c.objc; path = "UIAlertView+error.m"; sourceTree = "<group>"; };
		BAA9EFB8185934A8006FD3F8 /* ItemsCell.h */ = {isa = PBXFileReference; fileEncoding = 4; lastKnownFileType = sourcecode.c.h; path = ItemsCell.h; sourceTree = "<group>"; };
		BAA9EFB9185934A8006FD3F8 /* ItemsCell.m */ = {isa = PBXFileReference; fileEncoding = 4; lastKnownFileType = sourcecode.c.objc; path = ItemsCell.m; sourceTree = "<group>"; };
		BAA9EFBA185934A8006FD3F8 /* ItemsCell.xib */ = {isa = PBXFileReference; fileEncoding = 4; lastKnownFileType = file.xib; path = ItemsCell.xib; sourceTree = "<group>"; };
		BAA9EFBB185934A8006FD3F8 /* RoomsViewController.h */ = {isa = PBXFileReference; fileEncoding = 4; lastKnownFileType = sourcecode.c.h; path = RoomsViewController.h; sourceTree = "<group>"; };
		BAA9EFBC185934A8006FD3F8 /* RoomsViewController.m */ = {isa = PBXFileReference; fileEncoding = 4; lastKnownFileType = sourcecode.c.objc; path = RoomsViewController.m; sourceTree = "<group>"; };
		BAA9EFC1185934D2006FD3F8 /* RoomsCell.h */ = {isa = PBXFileReference; fileEncoding = 4; lastKnownFileType = sourcecode.c.h; path = RoomsCell.h; sourceTree = "<group>"; };
		BAA9EFC2185934D2006FD3F8 /* RoomsCell.m */ = {isa = PBXFileReference; fileEncoding = 4; lastKnownFileType = sourcecode.c.objc; path = RoomsCell.m; sourceTree = "<group>"; };
		BAA9EFC3185934D2006FD3F8 /* RoomsCell.xib */ = {isa = PBXFileReference; fileEncoding = 4; lastKnownFileType = file.xib; path = RoomsCell.xib; sourceTree = "<group>"; };
		BAA9EFC4185934D2006FD3F8 /* SetRoomsViewController.h */ = {isa = PBXFileReference; fileEncoding = 4; lastKnownFileType = sourcecode.c.h; path = SetRoomsViewController.h; sourceTree = "<group>"; };
		BAA9EFC5185934D2006FD3F8 /* SetRoomsViewController.m */ = {isa = PBXFileReference; fileEncoding = 4; lastKnownFileType = sourcecode.c.objc; path = SetRoomsViewController.m; sourceTree = "<group>"; };
		BAA9EFD51859398F006FD3F8 /* TvItemViewController.h */ = {isa = PBXFileReference; fileEncoding = 4; lastKnownFileType = sourcecode.c.h; path = TvItemViewController.h; sourceTree = "<group>"; };
		BAA9EFD61859398F006FD3F8 /* TvItemViewController.m */ = {isa = PBXFileReference; fileEncoding = 4; lastKnownFileType = sourcecode.c.objc; path = TvItemViewController.m; sourceTree = "<group>"; };
		BAAECBAA185FE37100A0D463 /* Aire.png */ = {isa = PBXFileReference; lastKnownFileType = image.png; path = Aire.png; sourceTree = "<group>"; };
		BAAECBAB185FE37100A0D463 /* DVD.png */ = {isa = PBXFileReference; lastKnownFileType = image.png; path = DVD.png; sourceTree = "<group>"; };
		BAAECBAC185FE37100A0D463 /* Microhondas.png */ = {isa = PBXFileReference; lastKnownFileType = image.png; path = Microhondas.png; sourceTree = "<group>"; };
		BAAECBAD185FE37100A0D463 /* Minicadena.png */ = {isa = PBXFileReference; lastKnownFileType = image.png; path = Minicadena.png; sourceTree = "<group>"; };
		BAAECBAE185FE37100A0D463 /* Pantalla.png */ = {isa = PBXFileReference; lastKnownFileType = image.png; path = Pantalla.png; sourceTree = "<group>"; };
		BAAECBAF185FE37100A0D463 /* Proyector.png */ = {isa = PBXFileReference; lastKnownFileType = image.png; path = Proyector.png; sourceTree = "<group>"; };
		BAAECBB0185FE37100A0D463 /* Tele.png */ = {isa = PBXFileReference; lastKnownFileType = image.png; path = Tele.png; sourceTree = "<group>"; };
		BAAECBB8185FEAEA00A0D463 /* Bombilla.png */ = {isa = PBXFileReference; lastKnownFileType = image.png; path = Bombilla.png; sourceTree = "<group>"; };
		BAB0C1DF1846C91D00B48692 /* LogoEHC.png */ = {isa = PBXFileReference; lastKnownFileType = image.png; path = LogoEHC.png; sourceTree = "<group>"; };
		BAC408021857D8FD00AB189B /* SGAnnotatedPagerController.xib */ = {isa = PBXFileReference; fileEncoding = 4; lastKnownFileType = file.xib; path = SGAnnotatedPagerController.xib; sourceTree = "<group>"; };
		BAD46B331856AF75006F0930 /* FristViewController.h */ = {isa = PBXFileReference; fileEncoding = 4; lastKnownFileType = sourcecode.c.h; path = FristViewController.h; sourceTree = "<group>"; };
		BAD46B341856AF75006F0930 /* FristViewController.m */ = {isa = PBXFileReference; fileEncoding = 4; lastKnownFileType = sourcecode.c.objc; path = FristViewController.m; sourceTree = "<group>"; };
		BAD46B371856B4C5006F0930 /* logLogin.png */ = {isa = PBXFileReference; lastKnownFileType = image.png; path = logLogin.png; sourceTree = "<group>"; };
		BAD46B3A1856B767006F0930 /* SGAnnotatedPagerController.h */ = {isa = PBXFileReference; fileEncoding = 4; lastKnownFileType = sourcecode.c.h; path = SGAnnotatedPagerController.h; sourceTree = "<group>"; };
		BAD46B3B1856B767006F0930 /* SGAnnotatedPagerController.m */ = {isa = PBXFileReference; fileEncoding = 4; lastKnownFileType = sourcecode.c.objc; path = SGAnnotatedPagerController.m; sourceTree = "<group>"; };
		BAD46B3C1856B767006F0930 /* SGViewPagerController.h */ = {isa = PBXFileReference; fileEncoding = 4; lastKnownFileType = sourcecode.c.h; path = SGViewPagerController.h; sourceTree = "<group>"; };
		BAD46B3D1856B767006F0930 /* SGViewPagerController.m */ = {isa = PBXFileReference; fileEncoding = 4; lastKnownFileType = sourcecode.c.objc; path = SGViewPagerController.m; sourceTree = "<group>"; };
		BAE500C218BE429C0069C3ED /* ActivityView.xib */ = {isa = PBXFileReference; fileEncoding = 4; lastKnownFileType = file.xib; path = ActivityView.xib; sourceTree = "<group>"; };
		BAE500C318BE429C0069C3ED /* MyActivityIndicator.h */ = {isa = PBXFileReference; fileEncoding = 4; lastKnownFileType = sourcecode.c.h; path = MyActivityIndicator.h; sourceTree = "<group>"; };
		BAE500C418BE429C0069C3ED /* MyActivityIndicator.m */ = {isa = PBXFileReference; fileEncoding = 4; lastKnownFileType = sourcecode.c.objc; path = MyActivityIndicator.m; sourceTree = "<group>"; };
		BAE500C618BE429C0069C3ED /* MDBrowser.h */ = {isa = PBXFileReference; fileEncoding = 4; lastKnownFileType = sourcecode.c.h; path = MDBrowser.h; sourceTree = "<group>"; };
		BAE500C718BE429C0069C3ED /* MDBrowser.m */ = {isa = PBXFileReference; fileEncoding = 4; lastKnownFileType = sourcecode.c.objc; path = MDBrowser.m; sourceTree = "<group>"; };
		BAE500CA18BE429C0069C3ED /* MDBrowserAnimatorFactory.h */ = {isa = PBXFileReference; fileEncoding = 4; lastKnownFileType = sourcecode.c.h; path = MDBrowserAnimatorFactory.h; sourceTree = "<group>"; };
		BAE500CB18BE429C0069C3ED /* MDBrowserAnimatorFactory.m */ = {isa = PBXFileReference; fileEncoding = 4; lastKnownFileType = sourcecode.c.objc; path = MDBrowserAnimatorFactory.m; sourceTree = "<group>"; };
		BAE500CD18BE429C0069C3ED /* MDBrowserAnimator.h */ = {isa = PBXFileReference; fileEncoding = 4; lastKnownFileType = sourcecode.c.h; path = MDBrowserAnimator.h; sourceTree = "<group>"; };
		BAE500CF18BE429C0069C3ED /* PopUpBrowserAnimator.h */ = {isa = PBXFileReference; fileEncoding = 4; lastKnownFileType = sourcecode.c.h; path = PopUpBrowserAnimator.h; sourceTree = "<group>"; };
		BAE500D018BE429C0069C3ED /* PopUpBrowserAnimator.m */ = {isa = PBXFileReference; fileEncoding = 4; lastKnownFileType = sourcecode.c.objc; path = PopUpBrowserAnimator.m; sourceTree = "<group>"; };
		BAE500D218BE429C0069C3ED /* SlideFromBottomBrowserAnimator.h */ = {isa = PBXFileReference; fileEncoding = 4; lastKnownFileType = sourcecode.c.h; path = SlideFromBottomBrowserAnimator.h; sourceTree = "<group>"; };
		BAE500D318BE429C0069C3ED /* SlideFromBottomBrowserAnimator.m */ = {isa = PBXFileReference; fileEncoding = 4; lastKnownFileType = sourcecode.c.objc; path = SlideFromBottomBrowserAnimator.m; sourceTree = "<group>"; };
		BAE500D518BE429C0069C3ED /* MJPopupBackgroundView.h */ = {isa = PBXFileReference; fileEncoding = 4; lastKnownFileType = sourcecode.c.h; path = MJPopupBackgroundView.h; sourceTree = "<group>"; };
		BAE500D618BE429C0069C3ED /* MJPopupBackgroundView.m */ = {isa = PBXFileReference; fileEncoding = 4; lastKnownFileType = sourcecode.c.objc; path = MJPopupBackgroundView.m; sourceTree = "<group>"; };
		BAE500D818BE429C0069C3ED /* back.png */ = {isa = PBXFileReference; lastKnownFileType = image.png; path = back.png; sourceTree = "<group>"; };
		BAE500D918BE429C0069C3ED /* back@2x.png */ = {isa = PBXFileReference; lastKnownFileType = image.png; path = "back@2x.png"; sourceTree = "<group>"; };
		BAE500DA18BE429C0069C3ED /* back_active.png */ = {isa = PBXFileReference; lastKnownFileType = image.png; path = back_active.png; sourceTree = "<group>"; };
		BAE500DB18BE429C0069C3ED /* back_active@2x.png */ = {isa = PBXFileReference; lastKnownFileType = image.png; path = "back_active@2x.png"; sourceTree = "<group>"; };
		BAE500DC18BE429C0069C3ED /* close.png */ = {isa = PBXFileReference; lastKnownFileType = image.png; path = close.png; sourceTree = "<group>"; };
		BAE500DD18BE429C0069C3ED /* close@2x.png */ = {isa = PBXFileReference; lastKnownFileType = image.png; path = "close@2x.png"; sourceTree = "<group>"; };
		BAE500DE18BE429C0069C3ED /* next.png */ = {isa = PBXFileReference; lastKnownFileType = image.png; path = next.png; sourceTree = "<group>"; };
		BAE500DF18BE429C0069C3ED /* next@2x.png */ = {isa = PBXFileReference; lastKnownFileType = image.png; path = "next@2x.png"; sourceTree = "<group>"; };
		BAE500E018BE429C0069C3ED /* next_active.png */ = {isa = PBXFileReference; lastKnownFileType = image.png; path = next_active.png; sourceTree = "<group>"; };
		BAE500E118BE429C0069C3ED /* next_active@2x.png */ = {isa = PBXFileReference; lastKnownFileType = image.png; path = "next_active@2x.png"; sourceTree = "<group>"; };
		C85B6E0A46AA43878517A8A6 /* Pods.xcconfig */ = {isa = PBXFileReference; includeInIndex = 1; lastKnownFileType = text.xcconfig; name = Pods.xcconfig; path = Pods/Pods.xcconfig; sourceTree = "<group>"; };
		F6C35645D3B44615AFD3D970 /* libPods.a */ = {isa = PBXFileReference; explicitFileType = archive.ar; includeInIndex = 0; path = libPods.a; sourceTree = BUILT_PRODUCTS_DIR; };
/* End PBXFileReference section */

/* Begin PBXFrameworksBuildPhase section */
		BA89138F183D6F3100F97172 /* Frameworks */ = {
			isa = PBXFrameworksBuildPhase;
			buildActionMask = 2147483647;
			files = (
				BA891398183D6F3100F97172 /* CoreGraphics.framework in Frameworks */,
				BA89139A183D6F3100F97172 /* UIKit.framework in Frameworks */,
				BA891396183D6F3100F97172 /* Foundation.framework in Frameworks */,
				08F31C4673B54AB0ABA4F6EE /* libPods.a in Frameworks */,
			);
			runOnlyForDeploymentPostprocessing = 0;
		};
		BA8913B3183D6F3100F97172 /* Frameworks */ = {
			isa = PBXFrameworksBuildPhase;
			buildActionMask = 2147483647;
			files = (
				BA8913B8183D6F3100F97172 /* XCTest.framework in Frameworks */,
				BA8913BA183D6F3100F97172 /* UIKit.framework in Frameworks */,
				BA8913B9183D6F3100F97172 /* Foundation.framework in Frameworks */,
			);
			runOnlyForDeploymentPostprocessing = 0;
		};
/* End PBXFrameworksBuildPhase section */

/* Begin PBXGroup section */
		BA13995918C0DFF10064EF95 /* Events */ = {
			isa = PBXGroup;
			children = (
				BA13995A18C0E0030064EF95 /* EventosViewController.h */,
				BA13995B18C0E0030064EF95 /* EventosViewController.m */,
			);
			path = Events;
			sourceTree = "<group>";
		};
		BA7F31EA188C6A3C00E0CC1E /* LightsItem */ = {
			isa = PBXGroup;
			children = (
				BA7F31EB188C6A7800E0CC1E /* LightItemViewController.h */,
				BA7F31EC188C6A7800E0CC1E /* LightItemViewController.m */,
			);
			path = LightsItem;
			sourceTree = "<group>";
		};
		BA7F31EF188C774500E0CC1E /* Backgrounds */ = {
			isa = PBXGroup;
			children = (
				BA7F31F4188C782000E0CC1E /* Background.png */,
			);
			path = Backgrounds;
			sourceTree = "<group>";
		};
		BA7F31F6188CA1D900E0CC1E /* Perfil */ = {
			isa = PBXGroup;
			children = (
				BA7F31F7188CA1E800E0CC1E /* ProfileViewController.h */,
				BA7F31F8188CA1E800E0CC1E /* ProfileViewController.m */,
			);
			path = Perfil;
			sourceTree = "<group>";
		};
		BA891389183D6F3100F97172 = {
			isa = PBXGroup;
			children = (
				BA89139B183D6F3100F97172 /* ehc */,
				BA8913BD183D6F3100F97172 /* ehcTests */,
				BA891394183D6F3100F97172 /* Frameworks */,
				BA891393183D6F3100F97172 /* Products */,
				C85B6E0A46AA43878517A8A6 /* Pods.xcconfig */,
			);
			sourceTree = "<group>";
		};
		BA891393183D6F3100F97172 /* Products */ = {
			isa = PBXGroup;
			children = (
				BA891392183D6F3100F97172 /* ehc.app */,
				BA8913B6183D6F3100F97172 /* ehcTests.xctest */,
			);
			name = Products;
			sourceTree = "<group>";
		};
		BA891394183D6F3100F97172 /* Frameworks */ = {
			isa = PBXGroup;
			children = (
				BA891395183D6F3100F97172 /* Foundation.framework */,
				BA891397183D6F3100F97172 /* CoreGraphics.framework */,
				BA891399183D6F3100F97172 /* UIKit.framework */,
				BA8913B7183D6F3100F97172 /* XCTest.framework */,
				F6C35645D3B44615AFD3D970 /* libPods.a */,
			);
			name = Frameworks;
			sourceTree = "<group>";
		};
		BA89139B183D6F3100F97172 /* ehc */ = {
			isa = PBXGroup;
			children = (
				BAA9A7B3185E7C2900DB748B /* JSON */,
				BAB0C1DE1846C90500B48692 /* Images */,
				BAA9E9C11846D24100E55969 /* Clases */,
				BAA9E99C1846D22400E55969 /* 3rd */,
				BA8913A4183D6F3100F97172 /* AppDelegate.h */,
				BA8913A5183D6F3100F97172 /* AppDelegate.m */,
				BA8913A7183D6F3100F97172 /* Main_iPhone.storyboard */,
				BA8913AA183D6F3100F97172 /* Main_iPad.storyboard */,
				BA8913B0183D6F3100F97172 /* Images.xcassets */,
				BA89139C183D6F3100F97172 /* Supporting Files */,
			);
			path = ehc;
			sourceTree = "<group>";
		};
		BA89139C183D6F3100F97172 /* Supporting Files */ = {
			isa = PBXGroup;
			children = (
				BA89139D183D6F3100F97172 /* ehc-Info.plist */,
				BA89139E183D6F3100F97172 /* InfoPlist.strings */,
				BA8913A1183D6F3100F97172 /* main.m */,
				BA8913A3183D6F3100F97172 /* ehc-Prefix.pch */,
			);
			name = "Supporting Files";
			sourceTree = "<group>";
		};
		BA8913BD183D6F3100F97172 /* ehcTests */ = {
			isa = PBXGroup;
			children = (
				BA8913C3183D6F3100F97172 /* ehcTests.m */,
				BA8913BE183D6F3100F97172 /* Supporting Files */,
			);
			path = ehcTests;
			sourceTree = "<group>";
		};
		BA8913BE183D6F3100F97172 /* Supporting Files */ = {
			isa = PBXGroup;
			children = (
				BA8913BF183D6F3100F97172 /* ehcTests-Info.plist */,
				BA8913C0183D6F3100F97172 /* InfoPlist.strings */,
			);
			name = "Supporting Files";
			sourceTree = "<group>";
		};
		BAA9A787185E4D8600DB748B /* Mando */ = {
			isa = PBXGroup;
			children = (
				BAA9A788185E4D8600DB748B /* Ajustes@2x.png */,
				BAA9A789185E4D8600DB748B /* Apagar@2x.png */,
				BAA9A78A185E4D8600DB748B /* cero@2x.png */,
				BAA9A78B185E4D8600DB748B /* cinco@2x.png */,
				BAA9A78C185E4D8600DB748B /* cuatro@2x.png */,
				BAA9A78D185E4D8600DB748B /* dos@2x.png */,
				BAA9A78E185E4D8600DB748B /* Estrella@2x.png */,
				BAA9A78F185E4D8600DB748B /* flechaAbajo@2x.png */,
				BAA9A790185E4D8600DB748B /* flechaArriba@2x.png */,
				BAA9A791185E4D8600DB748B /* flechaDerecha@2x.png */,
				BAA9A792185E4D8600DB748B /* flechaIzquierda@2x.png */,
				BAA9A793185E4D8600DB748B /* fondoMando.png */,
				BAA9A794185E4D8600DB748B /* Mute@2x.png */,
				BAA9A795185E4D8600DB748B /* nueve@2x.png */,
				BAA9A796185E4D8600DB748B /* ocho@2x.png */,
				BAA9A797185E4D8600DB748B /* play@2x.png */,
				BAA9A798185E4D8600DB748B /* seis@2x.png */,
				BAA9A799185E4D8600DB748B /* siete@2x.png */,
				BAA9A79A185E4D8600DB748B /* tres@2x.png */,
				BAA9A79B185E4D8600DB748B /* uno@2x.png */,
			);
			path = Mando;
			sourceTree = "<group>";
		};
		BAA9A7B3185E7C2900DB748B /* JSON */ = {
			isa = PBXGroup;
			children = (
				BAA9A7B4185E7C2900DB748B /* config.json */,
			);
			path = JSON;
			sourceTree = "<group>";
		};
		BAA9E99C1846D22400E55969 /* 3rd */ = {
			isa = PBXGroup;
			children = (
				BAE500BF18BE42790069C3ED /* MDBrowser */,
				BAD46B391856B767006F0930 /* SGAnnotatedPager */,
				BAA9E9D31846D48700E55969 /* API */,
			);
			path = 3rd;
			sourceTree = "<group>";
		};
		BAA9E9C11846D24100E55969 /* Clases */ = {
			isa = PBXGroup;
			children = (
				BA13995918C0DFF10064EF95 /* Events */,
				BA7F31F6188CA1D900E0CC1E /* Perfil */,
				BA7F31EA188C6A3C00E0CC1E /* LightsItem */,
				BAA9EFD418593979006FD3F8 /* TVitem */,
				BAA9EFB7185934A8006FD3F8 /* Rooms */,
				BAA9EFC0185934D2006FD3F8 /* SetRoomsView */,
				BAD46B361856AF7E006F0930 /* FirstView */,
				BAA9E9D81846D9FF00E55969 /* Menu */,
				BAA9E9C21846D24100E55969 /* Config */,
				BAA9E9CB1846D24100E55969 /* Login */,
			);
			path = Clases;
			sourceTree = "<group>";
		};
		BAA9E9C21846D24100E55969 /* Config */ = {
			isa = PBXGroup;
			children = (
				BA15ECB318BD79EE00866908 /* PrincipalView.h */,
				BA15ECB418BD79EE00866908 /* PrincipalView.m */,
				BAA9E9D71846D58E00E55969 /* defs.h */,
				BAA9E9C31846D24100E55969 /* InitialView.h */,
				BAA9E9C41846D24100E55969 /* InitialView.m */,
				BAA9E9C51846D24100E55969 /* InitViewController.h */,
				BAA9E9C61846D24100E55969 /* InitViewController.m */,
				BAA9E9C91846D24100E55969 /* MyNavigationController.h */,
				BAA9E9CA1846D24100E55969 /* MyNavigationController.m */,
			);
			path = Config;
			sourceTree = "<group>";
		};
		BAA9E9CB1846D24100E55969 /* Login */ = {
			isa = PBXGroup;
			children = (
				BAA9E9CC1846D24100E55969 /* LoginScreen.h */,
				BAA9E9CD1846D24100E55969 /* LoginScreen.m */,
			);
			path = Login;
			sourceTree = "<group>";
		};
		BAA9E9D31846D48700E55969 /* API */ = {
			isa = PBXGroup;
			children = (
				BAA9E9E11846DBF300E55969 /* UIAlertView+error.h */,
				BAA9E9E21846DBF300E55969 /* UIAlertView+error.m */,
				BAA9E9D41846D4FA00E55969 /* API.h */,
				BAA9E9D51846D4FA00E55969 /* API.m */,
			);
			path = API;
			sourceTree = "<group>";
		};
		BAA9E9D81846D9FF00E55969 /* Menu */ = {
			isa = PBXGroup;
			children = (
				BAA9E9D91846DA4100E55969 /* MenuCell.h */,
				BAA9E9DA1846DA4100E55969 /* MenuCell.m */,
				BAA9E9DB1846DA4100E55969 /* MenuHeaderCell.h */,
				BAA9E9DC1846DA4100E55969 /* MenuHeaderCell.m */,
				BAA9E9C71846D24100E55969 /* MenuViewController.h */,
				BAA9E9C81846D24100E55969 /* MenuViewController.m */,
			);
			path = Menu;
			sourceTree = "<group>";
		};
		BAA9EFB7185934A8006FD3F8 /* Rooms */ = {
			isa = PBXGroup;
			children = (
				BAA9EFB8185934A8006FD3F8 /* ItemsCell.h */,
				BAA9EFB9185934A8006FD3F8 /* ItemsCell.m */,
				BAA9EFBA185934A8006FD3F8 /* ItemsCell.xib */,
				BAA9EFBB185934A8006FD3F8 /* RoomsViewController.h */,
				BAA9EFBC185934A8006FD3F8 /* RoomsViewController.m */,
			);
			path = Rooms;
			sourceTree = "<group>";
		};
		BAA9EFC0185934D2006FD3F8 /* SetRoomsView */ = {
			isa = PBXGroup;
			children = (
				BAA9EFC1185934D2006FD3F8 /* RoomsCell.h */,
				BAA9EFC2185934D2006FD3F8 /* RoomsCell.m */,
				BAA9EFC3185934D2006FD3F8 /* RoomsCell.xib */,
				BAA9EFC4185934D2006FD3F8 /* SetRoomsViewController.h */,
				BAA9EFC5185934D2006FD3F8 /* SetRoomsViewController.m */,
			);
			path = SetRoomsView;
			sourceTree = "<group>";
		};
		BAA9EFD418593979006FD3F8 /* TVitem */ = {
			isa = PBXGroup;
			children = (
				BAA9EFD51859398F006FD3F8 /* TvItemViewController.h */,
				BAA9EFD61859398F006FD3F8 /* TvItemViewController.m */,
			);
			path = TVitem;
			sourceTree = "<group>";
		};
		BAAECBA9185FE37100A0D463 /* IcosApp */ = {
			isa = PBXGroup;
			children = (
				BA7F31F2188C775C00E0CC1E /* BombillaLuz.gif */,
				BAAECBB8185FEAEA00A0D463 /* Bombilla.png */,
				BAAECBAA185FE37100A0D463 /* Aire.png */,
				BAAECBAB185FE37100A0D463 /* DVD.png */,
				BAAECBAC185FE37100A0D463 /* Microhondas.png */,
				BAAECBAD185FE37100A0D463 /* Minicadena.png */,
				BAAECBAE185FE37100A0D463 /* Pantalla.png */,
				BAAECBAF185FE37100A0D463 /* Proyector.png */,
				BAAECBB0185FE37100A0D463 /* Tele.png */,
			);
			path = IcosApp;
			sourceTree = "<group>";
		};
		BAB0C1DE1846C90500B48692 /* Images */ = {
			isa = PBXGroup;
			children = (
				BA7F31EF188C774500E0CC1E /* Backgrounds */,
				BAAECBA9185FE37100A0D463 /* IcosApp */,
				BAA9A787185E4D8600DB748B /* Mando */,
				BAD46B371856B4C5006F0930 /* logLogin.png */,
				BAA9E9DF1846DA7D00E55969 /* celdaMenuiPh.png */,
				BAB0C1DF1846C91D00B48692 /* LogoEHC.png */,
			);
			path = Images;
			sourceTree = "<group>";
		};
		BAD46B361856AF7E006F0930 /* FirstView */ = {
			isa = PBXGroup;
			children = (
				BAD46B331856AF75006F0930 /* FristViewController.h */,
				BAD46B341856AF75006F0930 /* FristViewController.m */,
			);
			name = FirstView;
			sourceTree = "<group>";
		};
		BAD46B391856B767006F0930 /* SGAnnotatedPager */ = {
			isa = PBXGroup;
			children = (
				BAD46B3A1856B767006F0930 /* SGAnnotatedPagerController.h */,
				BAD46B3B1856B767006F0930 /* SGAnnotatedPagerController.m */,
				BAD46B3C1856B767006F0930 /* SGViewPagerController.h */,
				BAD46B3D1856B767006F0930 /* SGViewPagerController.m */,
				BAC408021857D8FD00AB189B /* SGAnnotatedPagerController.xib */,
			);
			path = SGAnnotatedPager;
			sourceTree = "<group>";
		};
		BAE500BF18BE42790069C3ED /* MDBrowser */ = {
			isa = PBXGroup;
			children = (
				BAE500C018BE429C0069C3ED /* Classes */,
			);
			name = MDBrowser;
			sourceTree = "<group>";
		};
		BAE500C018BE429C0069C3ED /* Classes */ = {
			isa = PBXGroup;
			children = (
				BAE500C118BE429C0069C3ED /* ActivityIndicator */,
				BAE500C518BE429C0069C3ED /* MDBrowser */,
				BAE500C818BE429C0069C3ED /* MDBrowserAnimator */,
				BAE500D418BE429C0069C3ED /* OverLayView */,
				BAE500D718BE429C0069C3ED /* UIImages */,
			);
			name = Classes;
			path = MDBrowser/Classes;
			sourceTree = "<group>";
		};
		BAE500C118BE429C0069C3ED /* ActivityIndicator */ = {
			isa = PBXGroup;
			children = (
				BAE500C218BE429C0069C3ED /* ActivityView.xib */,
				BAE500C318BE429C0069C3ED /* MyActivityIndicator.h */,
				BAE500C418BE429C0069C3ED /* MyActivityIndicator.m */,
			);
			path = ActivityIndicator;
			sourceTree = "<group>";
		};
		BAE500C518BE429C0069C3ED /* MDBrowser */ = {
			isa = PBXGroup;
			children = (
				BAE500C618BE429C0069C3ED /* MDBrowser.h */,
				BAE500C718BE429C0069C3ED /* MDBrowser.m */,
			);
			path = MDBrowser;
			sourceTree = "<group>";
		};
		BAE500C818BE429C0069C3ED /* MDBrowserAnimator */ = {
			isa = PBXGroup;
			children = (
				BAE500C918BE429C0069C3ED /* MDBrowserAnimatorFactory */,
				BAE500CC18BE429C0069C3ED /* MDBrowserAnimatorProtocol */,
				BAE500CE18BE429C0069C3ED /* PopUpBrowserAnimator */,
				BAE500D118BE429C0069C3ED /* SlideFromBottomBrowserAnimator */,
			);
			path = MDBrowserAnimator;
			sourceTree = "<group>";
		};
		BAE500C918BE429C0069C3ED /* MDBrowserAnimatorFactory */ = {
			isa = PBXGroup;
			children = (
				BAE500CA18BE429C0069C3ED /* MDBrowserAnimatorFactory.h */,
				BAE500CB18BE429C0069C3ED /* MDBrowserAnimatorFactory.m */,
			);
			path = MDBrowserAnimatorFactory;
			sourceTree = "<group>";
		};
		BAE500CC18BE429C0069C3ED /* MDBrowserAnimatorProtocol */ = {
			isa = PBXGroup;
			children = (
				BAE500CD18BE429C0069C3ED /* MDBrowserAnimator.h */,
			);
			path = MDBrowserAnimatorProtocol;
			sourceTree = "<group>";
		};
		BAE500CE18BE429C0069C3ED /* PopUpBrowserAnimator */ = {
			isa = PBXGroup;
			children = (
				BAE500CF18BE429C0069C3ED /* PopUpBrowserAnimator.h */,
				BAE500D018BE429C0069C3ED /* PopUpBrowserAnimator.m */,
			);
			path = PopUpBrowserAnimator;
			sourceTree = "<group>";
		};
		BAE500D118BE429C0069C3ED /* SlideFromBottomBrowserAnimator */ = {
			isa = PBXGroup;
			children = (
				BAE500D218BE429C0069C3ED /* SlideFromBottomBrowserAnimator.h */,
				BAE500D318BE429C0069C3ED /* SlideFromBottomBrowserAnimator.m */,
			);
			path = SlideFromBottomBrowserAnimator;
			sourceTree = "<group>";
		};
		BAE500D418BE429C0069C3ED /* OverLayView */ = {
			isa = PBXGroup;
			children = (
				BAE500D518BE429C0069C3ED /* MJPopupBackgroundView.h */,
				BAE500D618BE429C0069C3ED /* MJPopupBackgroundView.m */,
			);
			path = OverLayView;
			sourceTree = "<group>";
		};
		BAE500D718BE429C0069C3ED /* UIImages */ = {
			isa = PBXGroup;
			children = (
				BAE500D818BE429C0069C3ED /* back.png */,
				BAE500D918BE429C0069C3ED /* back@2x.png */,
				BAE500DA18BE429C0069C3ED /* back_active.png */,
				BAE500DB18BE429C0069C3ED /* back_active@2x.png */,
				BAE500DC18BE429C0069C3ED /* close.png */,
				BAE500DD18BE429C0069C3ED /* close@2x.png */,
				BAE500DE18BE429C0069C3ED /* next.png */,
				BAE500DF18BE429C0069C3ED /* next@2x.png */,
				BAE500E018BE429C0069C3ED /* next_active.png */,
				BAE500E118BE429C0069C3ED /* next_active@2x.png */,
			);
			path = UIImages;
			sourceTree = "<group>";
		};
/* End PBXGroup section */

/* Begin PBXNativeTarget section */
		BA891391183D6F3100F97172 /* ehc */ = {
			isa = PBXNativeTarget;
			buildConfigurationList = BA8913C7183D6F3100F97172 /* Build configuration list for PBXNativeTarget "ehc" */;
			buildPhases = (
				BBD341AC5D904D6BBC8B552A /* Check Pods Manifest.lock */,
				BA89138E183D6F3100F97172 /* Sources */,
				BA89138F183D6F3100F97172 /* Frameworks */,
				BA891390183D6F3100F97172 /* Resources */,
				AB6771CF15E34F44A1A3D36C /* Copy Pods Resources */,
			);
			buildRules = (
			);
			dependencies = (
			);
			name = ehc;
			productName = ehc;
			productReference = BA891392183D6F3100F97172 /* ehc.app */;
			productType = "com.apple.product-type.application";
		};
		BA8913B5183D6F3100F97172 /* ehcTests */ = {
			isa = PBXNativeTarget;
			buildConfigurationList = BA8913CA183D6F3100F97172 /* Build configuration list for PBXNativeTarget "ehcTests" */;
			buildPhases = (
				BA8913B2183D6F3100F97172 /* Sources */,
				BA8913B3183D6F3100F97172 /* Frameworks */,
				BA8913B4183D6F3100F97172 /* Resources */,
			);
			buildRules = (
			);
			dependencies = (
				BA8913BC183D6F3100F97172 /* PBXTargetDependency */,
			);
			name = ehcTests;
			productName = ehcTests;
			productReference = BA8913B6183D6F3100F97172 /* ehcTests.xctest */;
			productType = "com.apple.product-type.bundle.unit-test";
		};
/* End PBXNativeTarget section */

/* Begin PBXProject section */
		BA89138A183D6F3100F97172 /* Project object */ = {
			isa = PBXProject;
			attributes = {
				LastUpgradeCheck = 0500;
				ORGANIZATIONNAME = EHC;
				TargetAttributes = {
					BA891391183D6F3100F97172 = {
						DevelopmentTeam = 2QH2U923HT;
					};
					BA8913B5183D6F3100F97172 = {
						TestTargetID = BA891391183D6F3100F97172;
					};
				};
			};
			buildConfigurationList = BA89138D183D6F3100F97172 /* Build configuration list for PBXProject "ehc" */;
			compatibilityVersion = "Xcode 3.2";
			developmentRegion = English;
			hasScannedForEncodings = 0;
			knownRegions = (
				en,
				Base,
			);
			mainGroup = BA891389183D6F3100F97172;
			productRefGroup = BA891393183D6F3100F97172 /* Products */;
			projectDirPath = "";
			projectRoot = "";
			targets = (
				BA891391183D6F3100F97172 /* ehc */,
				BA8913B5183D6F3100F97172 /* ehcTests */,
			);
		};
/* End PBXProject section */

/* Begin PBXResourcesBuildPhase section */
		BA891390183D6F3100F97172 /* Resources */ = {
			isa = PBXResourcesBuildPhase;
			buildActionMask = 2147483647;
			files = (
				BAE500EF18BE429C0069C3ED /* next.png in Resources */,
				BAB0C1E01846C91D00B48692 /* LogoEHC.png in Resources */,
				BAA9A7A6185E4D8600DB748B /* flechaIzquierda@2x.png in Resources */,
				BAA9A7AB185E4D8600DB748B /* play@2x.png in Resources */,
				BAAECBB4185FE37100A0D463 /* Minicadena.png in Resources */,
				BAA9A7AD185E4D8600DB748B /* siete@2x.png in Resources */,
				BAA9A7AC185E4D8600DB748B /* seis@2x.png in Resources */,
				BA8913AC183D6F3100F97172 /* Main_iPad.storyboard in Resources */,
				BAA9A79D185E4D8600DB748B /* Apagar@2x.png in Resources */,
				BAE500ED18BE429C0069C3ED /* close.png in Resources */,
				BAA9A7A2185E4D8600DB748B /* Estrella@2x.png in Resources */,
				BA8913B1183D6F3100F97172 /* Images.xcassets in Resources */,
				BAE500F118BE429C0069C3ED /* next_active.png in Resources */,
				BA8913A9183D6F3100F97172 /* Main_iPhone.storyboard in Resources */,
				BAA9A7AE185E4D8600DB748B /* tres@2x.png in Resources */,
				BAA9A7AF185E4D8600DB748B /* uno@2x.png in Resources */,
				BAE500E918BE429C0069C3ED /* back.png in Resources */,
				BAE500EE18BE429C0069C3ED /* close@2x.png in Resources */,
				BAA9A7AA185E4D8600DB748B /* ocho@2x.png in Resources */,
				BAA9EFBE185934A8006FD3F8 /* ItemsCell.xib in Resources */,
				BAA9A79E185E4D8600DB748B /* cero@2x.png in Resources */,
				BAA9A7A5185E4D8600DB748B /* flechaDerecha@2x.png in Resources */,
				BAA9A79F185E4D8600DB748B /* cinco@2x.png in Resources */,
				BAA9A7A4185E4D8600DB748B /* flechaArriba@2x.png in Resources */,
				BAE500E218BE429C0069C3ED /* ActivityView.xib in Resources */,
				BAA9A7B5185E7C2900DB748B /* config.json in Resources */,
				BAA9A7A9185E4D8600DB748B /* nueve@2x.png in Resources */,
				BAA9A7A3185E4D8600DB748B /* flechaAbajo@2x.png in Resources */,
				BA7F31F3188C775C00E0CC1E /* BombillaLuz.gif in Resources */,
				BAA9E9E01846DA7D00E55969 /* celdaMenuiPh.png in Resources */,
				BAA9EFC7185934D2006FD3F8 /* RoomsCell.xib in Resources */,
				BAE500EC18BE429C0069C3ED /* back_active@2x.png in Resources */,
				BAAECBB3185FE37100A0D463 /* Microhondas.png in Resources */,
				BAA9A79C185E4D8600DB748B /* Ajustes@2x.png in Resources */,
				BAE500F018BE429C0069C3ED /* next@2x.png in Resources */,
				BAAECBB2185FE37100A0D463 /* DVD.png in Resources */,
				BAAECBB6185FE37100A0D463 /* Proyector.png in Resources */,
				BAD46B381856B4C5006F0930 /* logLogin.png in Resources */,
				BA7F31F5188C782000E0CC1E /* Background.png in Resources */,
				BAE500EA18BE429C0069C3ED /* back@2x.png in Resources */,
				BAAECBB7185FE37100A0D463 /* Tele.png in Resources */,
				BAA9A7A8185E4D8600DB748B /* Mute@2x.png in Resources */,
				BAAECBB9185FEAEA00A0D463 /* Bombilla.png in Resources */,
				BA8913A0183D6F3100F97172 /* InfoPlist.strings in Resources */,
				BAA9A7A1185E4D8600DB748B /* dos@2x.png in Resources */,
				BAE500EB18BE429C0069C3ED /* back_active.png in Resources */,
				BAAECBB1185FE37100A0D463 /* Aire.png in Resources */,
				BAAECBB5185FE37100A0D463 /* Pantalla.png in Resources */,
				BAA9A7A0185E4D8600DB748B /* cuatro@2x.png in Resources */,
				BAE500F218BE429C0069C3ED /* next_active@2x.png in Resources */,
				BAA9A7A7185E4D8600DB748B /* fondoMando.png in Resources */,
				BAC408031857D8FD00AB189B /* SGAnnotatedPagerController.xib in Resources */,
			);
			runOnlyForDeploymentPostprocessing = 0;
		};
		BA8913B4183D6F3100F97172 /* Resources */ = {
			isa = PBXResourcesBuildPhase;
			buildActionMask = 2147483647;
			files = (
				BA8913C2183D6F3100F97172 /* InfoPlist.strings in Resources */,
			);
			runOnlyForDeploymentPostprocessing = 0;
		};
/* End PBXResourcesBuildPhase section */

/* Begin PBXShellScriptBuildPhase section */
		AB6771CF15E34F44A1A3D36C /* Copy Pods Resources */ = {
			isa = PBXShellScriptBuildPhase;
			buildActionMask = 2147483647;
			files = (
			);
			inputPaths = (
			);
			name = "Copy Pods Resources";
			outputPaths = (
			);
			runOnlyForDeploymentPostprocessing = 0;
			shellPath = /bin/sh;
			shellScript = "\"${SRCROOT}/Pods/Pods-resources.sh\"\n";
			showEnvVarsInLog = 0;
		};
		BBD341AC5D904D6BBC8B552A /* Check Pods Manifest.lock */ = {
			isa = PBXShellScriptBuildPhase;
			buildActionMask = 2147483647;
			files = (
			);
			inputPaths = (
			);
			name = "Check Pods Manifest.lock";
			outputPaths = (
			);
			runOnlyForDeploymentPostprocessing = 0;
			shellPath = /bin/sh;
			shellScript = "diff \"${PODS_ROOT}/../Podfile.lock\" \"${PODS_ROOT}/Manifest.lock\" > /dev/null\nif [[ $? != 0 ]] ; then\n    cat << EOM\nerror: The sandbox is not in sync with the Podfile.lock. Run 'pod install' or update your CocoaPods installation.\nEOM\n    exit 1\nfi\n";
			showEnvVarsInLog = 0;
		};
/* End PBXShellScriptBuildPhase section */

/* Begin PBXSourcesBuildPhase section */
		BA89138E183D6F3100F97172 /* Sources */ = {
			isa = PBXSourcesBuildPhase;
			buildActionMask = 2147483647;
			files = (
				BAA9EFBD185934A8006FD3F8 /* ItemsCell.m in Sources */,
				BA7F31F9188CA1E800E0CC1E /* ProfileViewController.m in Sources */,
				BAE500E618BE429C0069C3ED /* PopUpBrowserAnimator.m in Sources */,
				BAE500E718BE429C0069C3ED /* SlideFromBottomBrowserAnimator.m in Sources */,
				BAD46B3F1856B767006F0930 /* SGViewPagerController.m in Sources */,
				BAA9E9D01846D24100E55969 /* MenuViewController.m in Sources */,
				BAA9E9D11846D24100E55969 /* MyNavigationController.m in Sources */,
				BAA9EFD71859398F006FD3F8 /* TvItemViewController.m in Sources */,
				BAE500E518BE429C0069C3ED /* MDBrowserAnimatorFactory.m in Sources */,
				BAE500E318BE429C0069C3ED /* MyActivityIndicator.m in Sources */,
				BAA9E9CF1846D24100E55969 /* InitViewController.m in Sources */,
				BA8913A6183D6F3100F97172 /* AppDelegate.m in Sources */,
				BAA9EFC8185934D2006FD3F8 /* SetRoomsViewController.m in Sources */,
				BAA9E9DE1846DA4100E55969 /* MenuHeaderCell.m in Sources */,
				BAA9EFBF185934A8006FD3F8 /* RoomsViewController.m in Sources */,
				BAA9E9DD1846DA4100E55969 /* MenuCell.m in Sources */,
				BA13995C18C0E0030064EF95 /* EventosViewController.m in Sources */,
				BAA9E9E31846DBF300E55969 /* UIAlertView+error.m in Sources */,
				BAD46B351856AF76006F0930 /* FristViewController.m in Sources */,
				BAA9EFC6185934D2006FD3F8 /* RoomsCell.m in Sources */,
				BAA9E9D21846D24100E55969 /* LoginScreen.m in Sources */,
				BAE500E818BE429C0069C3ED /* MJPopupBackgroundView.m in Sources */,
				BA7F31ED188C6A7800E0CC1E /* LightItemViewController.m in Sources */,
				BA15ECB518BD79EE00866908 /* PrincipalView.m in Sources */,
				BAE500E418BE429C0069C3ED /* MDBrowser.m in Sources */,
				BAA9E9D61846D4FA00E55969 /* API.m in Sources */,
				BAD46B3E1856B767006F0930 /* SGAnnotatedPagerController.m in Sources */,
				BA8913A2183D6F3100F97172 /* main.m in Sources */,
				BAA9E9CE1846D24100E55969 /* InitialView.m in Sources */,
			);
			runOnlyForDeploymentPostprocessing = 0;
		};
		BA8913B2183D6F3100F97172 /* Sources */ = {
			isa = PBXSourcesBuildPhase;
			buildActionMask = 2147483647;
			files = (
				BA8913C4183D6F3100F97172 /* ehcTests.m in Sources */,
			);
			runOnlyForDeploymentPostprocessing = 0;
		};
/* End PBXSourcesBuildPhase section */

/* Begin PBXTargetDependency section */
		BA8913BC183D6F3100F97172 /* PBXTargetDependency */ = {
			isa = PBXTargetDependency;
			target = BA891391183D6F3100F97172 /* ehc */;
			targetProxy = BA8913BB183D6F3100F97172 /* PBXContainerItemProxy */;
		};
/* End PBXTargetDependency section */

/* Begin PBXVariantGroup section */
		BA89139E183D6F3100F97172 /* InfoPlist.strings */ = {
			isa = PBXVariantGroup;
			children = (
				BA89139F183D6F3100F97172 /* en */,
			);
			name = InfoPlist.strings;
			sourceTree = "<group>";
		};
		BA8913A7183D6F3100F97172 /* Main_iPhone.storyboard */ = {
			isa = PBXVariantGroup;
			children = (
				BA8913A8183D6F3100F97172 /* Base */,
			);
			name = Main_iPhone.storyboard;
			sourceTree = "<group>";
		};
		BA8913AA183D6F3100F97172 /* Main_iPad.storyboard */ = {
			isa = PBXVariantGroup;
			children = (
				BA8913AB183D6F3100F97172 /* Base */,
			);
			name = Main_iPad.storyboard;
			sourceTree = "<group>";
		};
		BA8913C0183D6F3100F97172 /* InfoPlist.strings */ = {
			isa = PBXVariantGroup;
			children = (
				BA8913C1183D6F3100F97172 /* en */,
			);
			name = InfoPlist.strings;
			sourceTree = "<group>";
		};
/* End PBXVariantGroup section */

/* Begin XCBuildConfiguration section */
		BA8913C5183D6F3100F97172 /* Debug */ = {
			isa = XCBuildConfiguration;
			buildSettings = {
				ALWAYS_SEARCH_USER_PATHS = NO;
				ARCHS = "$(ARCHS_STANDARD_INCLUDING_64_BIT)";
				CLANG_CXX_LANGUAGE_STANDARD = "gnu++0x";
				CLANG_CXX_LIBRARY = "libc++";
				CLANG_ENABLE_MODULES = YES;
				CLANG_ENABLE_OBJC_ARC = YES;
				CLANG_WARN_BOOL_CONVERSION = YES;
				CLANG_WARN_CONSTANT_CONVERSION = YES;
				CLANG_WARN_DIRECT_OBJC_ISA_USAGE = YES_ERROR;
				CLANG_WARN_EMPTY_BODY = YES;
				CLANG_WARN_ENUM_CONVERSION = YES;
				CLANG_WARN_INT_CONVERSION = YES;
				CLANG_WARN_OBJC_ROOT_CLASS = YES_ERROR;
				CLANG_WARN__DUPLICATE_METHOD_MATCH = YES;
				"CODE_SIGN_IDENTITY[sdk=iphoneos*]" = "iPhone Developer";
				COPY_PHASE_STRIP = NO;
				GCC_C_LANGUAGE_STANDARD = gnu99;
				GCC_DYNAMIC_NO_PIC = NO;
				GCC_OPTIMIZATION_LEVEL = 0;
				GCC_PREPROCESSOR_DEFINITIONS = (
					"DEBUG=1",
					"$(inherited)",
				);
				GCC_SYMBOLS_PRIVATE_EXTERN = NO;
				GCC_WARN_64_TO_32_BIT_CONVERSION = YES;
				GCC_WARN_ABOUT_RETURN_TYPE = YES_ERROR;
				GCC_WARN_UNDECLARED_SELECTOR = YES;
				GCC_WARN_UNINITIALIZED_AUTOS = YES;
				GCC_WARN_UNUSED_FUNCTION = YES;
				GCC_WARN_UNUSED_VARIABLE = YES;
				IPHONEOS_DEPLOYMENT_TARGET = 7.0;
				ONLY_ACTIVE_ARCH = YES;
				SDKROOT = iphoneos;
				TARGETED_DEVICE_FAMILY = "1,2";
			};
			name = Debug;
		};
		BA8913C6183D6F3100F97172 /* Release */ = {
			isa = XCBuildConfiguration;
			buildSettings = {
				ALWAYS_SEARCH_USER_PATHS = NO;
				ARCHS = "$(ARCHS_STANDARD_INCLUDING_64_BIT)";
				CLANG_CXX_LANGUAGE_STANDARD = "gnu++0x";
				CLANG_CXX_LIBRARY = "libc++";
				CLANG_ENABLE_MODULES = YES;
				CLANG_ENABLE_OBJC_ARC = YES;
				CLANG_WARN_BOOL_CONVERSION = YES;
				CLANG_WARN_CONSTANT_CONVERSION = YES;
				CLANG_WARN_DIRECT_OBJC_ISA_USAGE = YES_ERROR;
				CLANG_WARN_EMPTY_BODY = YES;
				CLANG_WARN_ENUM_CONVERSION = YES;
				CLANG_WARN_INT_CONVERSION = YES;
				CLANG_WARN_OBJC_ROOT_CLASS = YES_ERROR;
				CLANG_WARN__DUPLICATE_METHOD_MATCH = YES;
				"CODE_SIGN_IDENTITY[sdk=iphoneos*]" = "iPhone Developer";
				COPY_PHASE_STRIP = YES;
				ENABLE_NS_ASSERTIONS = NO;
				GCC_C_LANGUAGE_STANDARD = gnu99;
				GCC_WARN_64_TO_32_BIT_CONVERSION = YES;
				GCC_WARN_ABOUT_RETURN_TYPE = YES_ERROR;
				GCC_WARN_UNDECLARED_SELECTOR = YES;
				GCC_WARN_UNINITIALIZED_AUTOS = YES;
				GCC_WARN_UNUSED_FUNCTION = YES;
				GCC_WARN_UNUSED_VARIABLE = YES;
				IPHONEOS_DEPLOYMENT_TARGET = 7.0;
				SDKROOT = iphoneos;
				TARGETED_DEVICE_FAMILY = "1,2";
				VALIDATE_PRODUCT = YES;
			};
			name = Release;
		};
		BA8913C8183D6F3100F97172 /* Debug */ = {
			isa = XCBuildConfiguration;
			baseConfigurationReference = C85B6E0A46AA43878517A8A6 /* Pods.xcconfig */;
			buildSettings = {
				ASSETCATALOG_COMPILER_APPICON_NAME = AppIcon;
				ASSETCATALOG_COMPILER_LAUNCHIMAGE_NAME = LaunchImage;
				CODE_SIGN_IDENTITY = "iPhone Developer";
				GCC_PRECOMPILE_PREFIX_HEADER = YES;
				GCC_PREFIX_HEADER = "ehc/ehc-Prefix.pch";
				INFOPLIST_FILE = "ehc/ehc-Info.plist";
				PRODUCT_NAME = "$(TARGET_NAME)";
				WRAPPER_EXTENSION = app;
			};
			name = Debug;
		};
		BA8913C9183D6F3100F97172 /* Release */ = {
			isa = XCBuildConfiguration;
			baseConfigurationReference = C85B6E0A46AA43878517A8A6 /* Pods.xcconfig */;
			buildSettings = {
				ASSETCATALOG_COMPILER_APPICON_NAME = AppIcon;
				ASSETCATALOG_COMPILER_LAUNCHIMAGE_NAME = LaunchImage;
				CODE_SIGN_IDENTITY = "iPhone Developer";
				GCC_PRECOMPILE_PREFIX_HEADER = YES;
				GCC_PREFIX_HEADER = "ehc/ehc-Prefix.pch";
				INFOPLIST_FILE = "ehc/ehc-Info.plist";
				PRODUCT_NAME = "$(TARGET_NAME)";
				WRAPPER_EXTENSION = app;
			};
			name = Release;
		};
		BA8913CB183D6F3100F97172 /* Debug */ = {
			isa = XCBuildConfiguration;
			buildSettings = {
				ARCHS = "$(ARCHS_STANDARD_INCLUDING_64_BIT)";
				BUNDLE_LOADER = "$(BUILT_PRODUCTS_DIR)/ehc.app/ehc";
				FRAMEWORK_SEARCH_PATHS = (
					"$(SDKROOT)/Developer/Library/Frameworks",
					"$(inherited)",
					"$(DEVELOPER_FRAMEWORKS_DIR)",
				);
				GCC_PRECOMPILE_PREFIX_HEADER = YES;
				GCC_PREFIX_HEADER = "ehc/ehc-Prefix.pch";
				GCC_PREPROCESSOR_DEFINITIONS = (
					"DEBUG=1",
					"$(inherited)",
				);
				INFOPLIST_FILE = "ehcTests/ehcTests-Info.plist";
				PRODUCT_NAME = "$(TARGET_NAME)";
				TEST_HOST = "$(BUNDLE_LOADER)";
				WRAPPER_EXTENSION = xctest;
			};
			name = Debug;
		};
		BA8913CC183D6F3100F97172 /* Release */ = {
			isa = XCBuildConfiguration;
			buildSettings = {
				ARCHS = "$(ARCHS_STANDARD_INCLUDING_64_BIT)";
				BUNDLE_LOADER = "$(BUILT_PRODUCTS_DIR)/ehc.app/ehc";
				FRAMEWORK_SEARCH_PATHS = (
					"$(SDKROOT)/Developer/Library/Frameworks",
					"$(inherited)",
					"$(DEVELOPER_FRAMEWORKS_DIR)",
				);
				GCC_PRECOMPILE_PREFIX_HEADER = YES;
				GCC_PREFIX_HEADER = "ehc/ehc-Prefix.pch";
				INFOPLIST_FILE = "ehcTests/ehcTests-Info.plist";
				PRODUCT_NAME = "$(TARGET_NAME)";
				TEST_HOST = "$(BUNDLE_LOADER)";
				WRAPPER_EXTENSION = xctest;
			};
			name = Release;
		};
/* End XCBuildConfiguration section */

/* Begin XCConfigurationList section */
		BA89138D183D6F3100F97172 /* Build configuration list for PBXProject "ehc" */ = {
			isa = XCConfigurationList;
			buildConfigurations = (
				BA8913C5183D6F3100F97172 /* Debug */,
				BA8913C6183D6F3100F97172 /* Release */,
			);
			defaultConfigurationIsVisible = 0;
			defaultConfigurationName = Release;
		};
		BA8913C7183D6F3100F97172 /* Build configuration list for PBXNativeTarget "ehc" */ = {
			isa = XCConfigurationList;
			buildConfigurations = (
				BA8913C8183D6F3100F97172 /* Debug */,
				BA8913C9183D6F3100F97172 /* Release */,
			);
			defaultConfigurationIsVisible = 0;
			defaultConfigurationName = Release;
		};
		BA8913CA183D6F3100F97172 /* Build configuration list for PBXNativeTarget "ehcTests" */ = {
			isa = XCConfigurationList;
			buildConfigurations = (
				BA8913CB183D6F3100F97172 /* Debug */,
				BA8913CC183D6F3100F97172 /* Release */,
			);
			defaultConfigurationIsVisible = 0;
			defaultConfigurationName = Release;
		};
/* End XCConfigurationList section */
	};
	rootObject = BA89138A183D6F3100F97172 /* Project object */;
}
